
Microsoft Visual Studio Solution File, Format Version 12.00
# Visual Studio 14
VisualStudioVersion = 14.0.25420.1
MinimumVisualStudioVersion = 10.0.40219.1
Project("{FAE04EC0-301F-11D3-BF4B-00C04F79EFBC}") = "Tetrified.Engine", "src\Tetrified.Engine\Tetrified.Engine.csproj", "{1F0F6259-08F6-486E-B7E8-EA6AC22182B0}"
EndProject
Project("{FAE04EC0-301F-11D3-BF4B-00C04F79EFBC}") = "Tetrified.Console", "src\Tetrified.Console\Tetrified.Console.csproj", "{CF7341BE-727E-4BA3-9E77-059F02033914}"
EndProject
Project("{FAE04EC0-301F-11D3-BF4B-00C04F79EFBC}") = "Tetrified.Desktop", "src\Tetrified.Desktop\Tetrified.Desktop.csproj", "{DC3D1C75-DD9C-40CA-94DC-F5D658F028E6}"
EndProject
Global
	GlobalSection(SolutionConfigurationPlatforms) = preSolution
		Debug|Any CPU = Debug|Any CPU
		Release|Any CPU = Release|Any CPU
	EndGlobalSection
	GlobalSection(ProjectConfigurationPlatforms) = postSolution
		{1F0F6259-08F6-486E-B7E8-EA6AC22182B0}.Debug|Any CPU.ActiveCfg = Debug|Any CPU
		{1F0F6259-08F6-486E-B7E8-EA6AC22182B0}.Debug|Any CPU.Build.0 = Debug|Any CPU
		{1F0F6259-08F6-486E-B7E8-EA6AC22182B0}.Release|Any CPU.ActiveCfg = Release|Any CPU
		{1F0F6259-08F6-486E-B7E8-EA6AC22182B0}.Release|Any CPU.Build.0 = Release|Any CPU
		{CF7341BE-727E-4BA3-9E77-059F02033914}.Debug|Any CPU.ActiveCfg = Debug|Any CPU
		{CF7341BE-727E-4BA3-9E77-059F02033914}.Debug|Any CPU.Build.0 = Debug|Any CPU
		{CF7341BE-727E-4BA3-9E77-059F02033914}.Release|Any CPU.ActiveCfg = Release|Any CPU
		{CF7341BE-727E-4BA3-9E77-059F02033914}.Release|Any CPU.Build.0 = Release|Any CPU
		{DC3D1C75-DD9C-40CA-94DC-F5D658F028E6}.Debug|Any CPU.ActiveCfg = Debug|Any CPU
		{DC3D1C75-DD9C-40CA-94DC-F5D658F028E6}.Debug|Any CPU.Build.0 = Debug|Any CPU
		{DC3D1C75-DD9C-40CA-94DC-F5D658F028E6}.Release|Any CPU.ActiveCfg = Release|Any CPU
		{DC3D1C75-DD9C-40CA-94DC-F5D658F028E6}.Release|Any CPU.Build.0 = Release|Any CPU
	EndGlobalSection
	GlobalSection(SolutionProperties) = preSolution
		HideSolutionNode = FALSE
	EndGlobalSection
EndGlobal
